
Microsoft Visual Studio Solution File, Format Version 12.00
# Visual Studio 15
VisualStudioVersion = 15.0.28307.271
MinimumVisualStudioVersion = 10.0.40219.1
Project("{FAE04EC0-301F-11D3-BF4B-00C04F79EFBC}") = "ProjectOneFinalHW", "ProjectOneFinalHW\ProjectOneFinalHW.csproj", "{4F35B571-1965-4F17-A5D4-3EE56694720F}"
EndProject
Global
	GlobalSection(SolutionConfigurationPlatforms) = preSolution
		Debug|Any CPU = Debug|Any CPU
		Release|Any CPU = Release|Any CPU
	EndGlobalSection
	GlobalSection(ProjectConfigurationPlatforms) = postSolution
		{4F35B571-1965-4F17-A5D4-3EE56694720F}.Debug|Any CPU.ActiveCfg = Debug|Any CPU
		{4F35B571-1965-4F17-A5D4-3EE56694720F}.Debug|Any CPU.Build.0 = Debug|Any CPU
		{4F35B571-1965-4F17-A5D4-3EE56694720F}.Release|Any CPU.ActiveCfg = Release|Any CPU
		{4F35B571-1965-4F17-A5D4-3EE56694720F}.Release|Any CPU.Build.0 = Release|Any CPU
	EndGlobalSection
	GlobalSection(SolutionProperties) = preSolution
		HideSolutionNode = FALSE
	EndGlobalSection
	GlobalSection(ExtensibilityGlobals) = postSolution
		SolutionGuid = {499E1604-5940-4326-A207-51C8D1C54F28}
	EndGlobalSection
EndGlobal
